
Microsoft Visual Studio Solution File, Format Version 12.00
# Visual Studio 2013
VisualStudioVersion = 12.0.31101.0
MinimumVisualStudioVersion = 10.0.40219.1
Project("{FAE04EC0-301F-11D3-BF4B-00C04F79EFBC}") = "JSDay7", "JSDay7\JSDay7.csproj", "{EB629C2D-9A26-4AB8-8EE0-067E8760324A}"
EndProject
Global
	GlobalSection(SolutionConfigurationPlatforms) = preSolution
		Debug|Any CPU = Debug|Any CPU
		Release|Any CPU = Release|Any CPU
	EndGlobalSection
	GlobalSection(ProjectConfigurationPlatforms) = postSolution
		{EB629C2D-9A26-4AB8-8EE0-067E8760324A}.Debug|Any CPU.ActiveCfg = Debug|Any CPU
		{EB629C2D-9A26-4AB8-8EE0-067E8760324A}.Debug|Any CPU.Build.0 = Debug|Any CPU
		{EB629C2D-9A26-4AB8-8EE0-067E8760324A}.Release|Any CPU.ActiveCfg = Release|Any CPU
		{EB629C2D-9A26-4AB8-8EE0-067E8760324A}.Release|Any CPU.Build.0 = Release|Any CPU
	EndGlobalSection
	GlobalSection(SolutionProperties) = preSolution
		HideSolutionNode = FALSE
	EndGlobalSection
EndGlobal
