
Microsoft Visual Studio Solution File, Format Version 12.00
# Visual Studio 2013
VisualStudioVersion = 12.0.31101.0
MinimumVisualStudioVersion = 10.0.40219.1
Project("{FAE04EC0-301F-11D3-BF4B-00C04F79EFBC}") = "Bugus Company Website", "Bugus Company Website\Bugus Company Website.csproj", "{38A1BF6F-0156-4B1B-842D-BA44DEF9164D}"
EndProject
Global
	GlobalSection(SolutionConfigurationPlatforms) = preSolution
		Debug|Any CPU = Debug|Any CPU
		Release|Any CPU = Release|Any CPU
	EndGlobalSection
	GlobalSection(ProjectConfigurationPlatforms) = postSolution
		{38A1BF6F-0156-4B1B-842D-BA44DEF9164D}.Debug|Any CPU.ActiveCfg = Debug|Any CPU
		{38A1BF6F-0156-4B1B-842D-BA44DEF9164D}.Debug|Any CPU.Build.0 = Debug|Any CPU
		{38A1BF6F-0156-4B1B-842D-BA44DEF9164D}.Release|Any CPU.ActiveCfg = Release|Any CPU
		{38A1BF6F-0156-4B1B-842D-BA44DEF9164D}.Release|Any CPU.Build.0 = Release|Any CPU
	EndGlobalSection
	GlobalSection(SolutionProperties) = preSolution
		HideSolutionNode = FALSE
	EndGlobalSection
EndGlobal
